{
  "version": 4,
  "terraform_version": "1.7.3",
  "serial": 13,
  "lineage": "33510b39-59ac-098d-7b36-d2cb0e77b794",
  "outputs": {},
  "resources": [
    {
      "module": "module.bucketPolicy",
      "mode": "data",
      "type": "aws_iam_policy_document",
      "name": "encryptionPolicy",
      "provider": "module.bucketPolicy.provider[\"registry.terraform.io/hashicorp/aws\"]",
      "instances": [
        {
          "schema_version": 0,
          "attributes": {
            "id": "2384816933",
            "json": "{\n  \"Version\": \"2012-10-17\",\n  \"Statement\": [\n    {\n      \"Sid\": \"Stmt1576350173119\",\n      \"Effect\": \"Deny\",\n      \"Action\": \"s3:PutObject\",\n      \"Resource\": [\n        \"arn:aws:s3:::training-app-prod-production-bucket-us-east-1/*\",\n        \"arn:aws:s3:::training-app-prod-production-bucket-us-east-1\"\n      ],\n      \"Principal\": \"*\",\n      \"Condition\": {\n        \"StringNotEquals\": {\n          \"s3:x-amz-server-side-encryption\": \"AES256\"\n        }\n      }\n    },\n    {\n      \"Sid\": \"Stmt1576350206882\",\n      \"Effect\": \"Deny\",\n      \"Action\": \"s3:PutObject\",\n      \"Resource\": [\n        \"arn:aws:s3:::training-app-prod-production-bucket-us-east-1/*\",\n        \"arn:aws:s3:::training-app-prod-production-bucket-us-east-1\"\n      ],\n      \"Principal\": \"*\",\n      \"Condition\": {\n        \"Null\": {\n          \"s3:x-amz-server-side-encryption\": \"True\"\n        }\n      }\n    }\n  ]\n}",
            "override_json": null,
            "override_policy_documents": null,
            "policy_id": null,
            "source_json": null,
            "source_policy_documents": null,
            "statement": [
              {
                "actions": [
                  "s3:PutObject"
                ],
                "condition": [
                  {
                    "test": "StringNotEquals",
                    "values": [
                      "AES256"
                    ],
                    "variable": "s3:x-amz-server-side-encryption"
                  }
                ],
                "effect": "Deny",
                "not_actions": [],
                "not_principals": [],
                "not_resources": [],
                "principals": [
                  {
                    "identifiers": [
                      "*"
                    ],
                    "type": "*"
                  }
                ],
                "resources": [
                  "arn:aws:s3:::training-app-prod-production-bucket-us-east-1",
                  "arn:aws:s3:::training-app-prod-production-bucket-us-east-1/*"
                ],
                "sid": "Stmt1576350173119"
              },
              {
                "actions": [
                  "s3:PutObject"
                ],
                "condition": [
                  {
                    "test": "Null",
                    "values": [
                      "True"
                    ],
                    "variable": "s3:x-amz-server-side-encryption"
                  }
                ],
                "effect": "Deny",
                "not_actions": [],
                "not_principals": [],
                "not_resources": [],
                "principals": [
                  {
                    "identifiers": [
                      "*"
                    ],
                    "type": "*"
                  }
                ],
                "resources": [
                  "arn:aws:s3:::training-app-prod-production-bucket-us-east-1",
                  "arn:aws:s3:::training-app-prod-production-bucket-us-east-1/*"
                ],
                "sid": "Stmt1576350206882"
              }
            ],
            "version": "2012-10-17"
          },
          "sensitive_attributes": []
        }
      ]
    },
    {
      "module": "module.bucketPolicy",
      "mode": "managed",
      "type": "aws_s3_bucket_policy",
      "name": "encryptionPolicy",
      "provider": "module.bucketPolicy.provider[\"registry.terraform.io/hashicorp/aws\"]",
      "instances": [
        {
          "schema_version": 0,
          "attributes": {
            "bucket": "training-app-prod-production-bucket-us-east-1",
            "id": "training-app-prod-production-bucket-us-east-1",
            "policy": "{\"Statement\":[{\"Action\":\"s3:PutObject\",\"Condition\":{\"StringNotEquals\":{\"s3:x-amz-server-side-encryption\":\"AES256\"}},\"Effect\":\"Deny\",\"Principal\":\"*\",\"Resource\":[\"arn:aws:s3:::training-app-prod-production-bucket-us-east-1/*\",\"arn:aws:s3:::training-app-prod-production-bucket-us-east-1\"],\"Sid\":\"Stmt1576350173119\"},{\"Action\":\"s3:PutObject\",\"Condition\":{\"Null\":{\"s3:x-amz-server-side-encryption\":\"True\"}},\"Effect\":\"Deny\",\"Principal\":\"*\",\"Resource\":[\"arn:aws:s3:::training-app-prod-production-bucket-us-east-1/*\",\"arn:aws:s3:::training-app-prod-production-bucket-us-east-1\"],\"Sid\":\"Stmt1576350206882\"}],\"Version\":\"2012-10-17\"}"
          },
          "sensitive_attributes": [],
          "private": "bnVsbA==",
          "dependencies": [
            "module.bucketPolicy.data.aws_iam_policy_document.encryptionPolicy",
            "module.s3Bucket.aws_s3_bucket.s3Bucket"
          ]
        }
      ]
    },
    {
      "module": "module.s3Bucket",
      "mode": "managed",
      "type": "aws_s3_bucket",
      "name": "s3Bucket",
      "provider": "module.s3Bucket.provider[\"registry.terraform.io/hashicorp/aws\"]",
      "instances": [
        {
          "schema_version": 0,
          "attributes": {
            "acceleration_status": "",
            "acl": null,
            "arn": "arn:aws:s3:::training-app-prod-production-bucket-us-east-1",
            "bucket": "training-app-prod-production-bucket-us-east-1",
            "bucket_domain_name": "training-app-prod-production-bucket-us-east-1.s3.amazonaws.com",
            "bucket_prefix": "",
            "bucket_regional_domain_name": "training-app-prod-production-bucket-us-east-1.s3.amazonaws.com",
            "cors_rule": [],
            "force_destroy": false,
            "grant": [
              {
                "id": "a0ce73f4e3951e04e9afffb29f6045070c1c54977f2bae7a58e05d84d9492323",
                "permissions": [
                  "FULL_CONTROL"
                ],
                "type": "CanonicalUser",
                "uri": ""
              }
            ],
            "hosted_zone_id": "Z3AQBSTGFYJSTF",
            "id": "training-app-prod-production-bucket-us-east-1",
            "lifecycle_rule": [],
            "logging": [],
            "object_lock_configuration": [],
            "object_lock_enabled": false,
            "policy": "",
            "region": "us-east-1",
            "replication_configuration": [],
            "request_payer": "BucketOwner",
            "server_side_encryption_configuration": [
              {
                "rule": [
                  {
                    "apply_server_side_encryption_by_default": [
                      {
                        "kms_master_key_id": "",
                        "sse_algorithm": "AES256"
                      }
                    ],
                    "bucket_key_enabled": false
                  }
                ]
              }
            ],
            "tags": {
              "Name": "training-app-prod-production-bucket-us-east-1-default",
              "app": "app",
              "env": "prod",
              "project": "training"
            },
            "tags_all": {
              "Name": "training-app-prod-production-bucket-us-east-1-default",
              "app": "app",
              "env": "prod",
              "project": "training"
            },
            "timeouts": null,
            "versioning": [
              {
                "enabled": false,
                "mfa_delete": false
              }
            ],
            "website": [],
            "website_domain": null,
            "website_endpoint": null
          },
          "sensitive_attributes": [],
          "private": "eyJlMmJmYjczMC1lY2FhLTExZTYtOGY4OC0zNDM2M2JjN2M0YzAiOnsiY3JlYXRlIjoxMjAwMDAwMDAwMDAwLCJkZWxldGUiOjM2MDAwMDAwMDAwMDAsInJlYWQiOjEyMDAwMDAwMDAwMDAsInVwZGF0ZSI6MTIwMDAwMDAwMDAwMH19"
        }
      ]
    },
    {
      "module": "module.s3Bucket",
      "mode": "managed",
      "type": "aws_s3_bucket_versioning",
      "name": "versioning",
      "provider": "module.s3Bucket.provider[\"registry.terraform.io/hashicorp/aws\"]",
      "instances": [
        {
          "schema_version": 0,
          "attributes": {
            "bucket": "training-app-prod-production-bucket-us-east-1",
            "expected_bucket_owner": "",
            "id": "training-app-prod-production-bucket-us-east-1",
            "mfa": null,
            "versioning_configuration": [
              {
                "mfa_delete": "",
                "status": "Enabled"
              }
            ]
          },
          "sensitive_attributes": [],
          "private": "bnVsbA==",
          "dependencies": [
            "module.s3Bucket.aws_s3_bucket.s3Bucket"
          ]
        }
      ]
    }
  ],
  "check_results": null
}
